
Microsoft Visual Studio Solution File, Format Version 12.00
# Visual Studio 14
VisualStudioVersion = 14.0.23107.0
MinimumVisualStudioVersion = 10.0.40219.1
Project("{FAE04EC0-301F-11D3-BF4B-00C04F79EFBC}") = "TreatErrorsAsWarnings", "TreatErrorsAsWarnings.csproj", "{EDAD67EB-FC06-4CD1-B5C6-09FB9D2C9ADE}"
EndProject
Global
	GlobalSection(SolutionConfigurationPlatforms) = preSolution
		Debug|Any CPU = Debug|Any CPU
		Release|Any CPU = Release|Any CPU
	EndGlobalSection
	GlobalSection(ProjectConfigurationPlatforms) = postSolution
		{EDAD67EB-FC06-4CD1-B5C6-09FB9D2C9ADE}.Debug|Any CPU.ActiveCfg = Debug|Any CPU
		{EDAD67EB-FC06-4CD1-B5C6-09FB9D2C9ADE}.Debug|Any CPU.Build.0 = Debug|Any CPU
		{EDAD67EB-FC06-4CD1-B5C6-09FB9D2C9ADE}.Release|Any CPU.ActiveCfg = Release|Any CPU
		{EDAD67EB-FC06-4CD1-B5C6-09FB9D2C9ADE}.Release|Any CPU.Build.0 = Release|Any CPU
	EndGlobalSection
	GlobalSection(SolutionProperties) = preSolution
		HideSolutionNode = FALSE
	EndGlobalSection
EndGlobal
